
Microsoft Visual Studio Solution File, Format Version 12.00
# Visual Studio 15
VisualStudioVersion = 15.0.28010.2041
MinimumVisualStudioVersion = 10.0.40219.1
Project("{FAE04EC0-301F-11D3-BF4B-00C04F79EFBC}") = "Caire_Site", "Caire_Site\Caire_Site.csproj", "{DDD83585-A8FA-4F17-81F0-2D47BEEC6DCF}"
EndProject
Global
	GlobalSection(SolutionConfigurationPlatforms) = preSolution
		Debug|Any CPU = Debug|Any CPU
		Release|Any CPU = Release|Any CPU
	EndGlobalSection
	GlobalSection(ProjectConfigurationPlatforms) = postSolution
		{DDD83585-A8FA-4F17-81F0-2D47BEEC6DCF}.Debug|Any CPU.ActiveCfg = Debug|Any CPU
		{DDD83585-A8FA-4F17-81F0-2D47BEEC6DCF}.Debug|Any CPU.Build.0 = Debug|Any CPU
		{DDD83585-A8FA-4F17-81F0-2D47BEEC6DCF}.Release|Any CPU.ActiveCfg = Release|Any CPU
		{DDD83585-A8FA-4F17-81F0-2D47BEEC6DCF}.Release|Any CPU.Build.0 = Release|Any CPU
	EndGlobalSection
	GlobalSection(SolutionProperties) = preSolution
		HideSolutionNode = FALSE
	EndGlobalSection
	GlobalSection(ExtensibilityGlobals) = postSolution
		SolutionGuid = {CD080A96-0D31-46C3-9B1F-F93C728FDDE6}
	EndGlobalSection
EndGlobal
